
Microsoft Visual Studio Solution File, Format Version 12.00
# Visual Studio Version 16
VisualStudioVersion = 16.0.31019.35
MinimumVisualStudioVersion = 10.0.40219.1
Project("{FAE04EC0-301F-11D3-BF4B-00C04F79EFBC}") = "shop", "shop.csproj", "{BD637265-E965-4149-AE8B-32A1FD7C027F}"
EndProject
Global
	GlobalSection(SolutionConfigurationPlatforms) = preSolution
		Debug|Any CPU = Debug|Any CPU
		Release|Any CPU = Release|Any CPU
	EndGlobalSection
	GlobalSection(ProjectConfigurationPlatforms) = postSolution
		{BD637265-E965-4149-AE8B-32A1FD7C027F}.Debug|Any CPU.ActiveCfg = Debug|Any CPU
		{BD637265-E965-4149-AE8B-32A1FD7C027F}.Debug|Any CPU.Build.0 = Debug|Any CPU
		{BD637265-E965-4149-AE8B-32A1FD7C027F}.Release|Any CPU.ActiveCfg = Release|Any CPU
		{BD637265-E965-4149-AE8B-32A1FD7C027F}.Release|Any CPU.Build.0 = Release|Any CPU
	EndGlobalSection
	GlobalSection(SolutionProperties) = preSolution
		HideSolutionNode = FALSE
	EndGlobalSection
	GlobalSection(ExtensibilityGlobals) = postSolution
		SolutionGuid = {18C99AE9-095C-417E-BF28-97234A45AF20}
	EndGlobalSection
EndGlobal
